
Microsoft Visual Studio Solution File, Format Version 12.00
# Visual Studio Version 17
VisualStudioVersion = 17.5.33516.290
MinimumVisualStudioVersion = 10.0.40219.1
Project("{FAE04EC0-301F-11D3-BF4B-00C04F79EFBC}") = "WebAPI_BackOffice", "WebAPI_BackOffice\WebAPI_BackOffice.csproj", "{74FEA9B0-16F6-408E-B474-92D7F053A36A}"
EndProject
Global
	GlobalSection(SolutionConfigurationPlatforms) = preSolution
		Debug|Any CPU = Debug|Any CPU
		Release|Any CPU = Release|Any CPU
	EndGlobalSection
	GlobalSection(ProjectConfigurationPlatforms) = postSolution
		{74FEA9B0-16F6-408E-B474-92D7F053A36A}.Debug|Any CPU.ActiveCfg = Debug|Any CPU
		{74FEA9B0-16F6-408E-B474-92D7F053A36A}.Debug|Any CPU.Build.0 = Debug|Any CPU
		{74FEA9B0-16F6-408E-B474-92D7F053A36A}.Release|Any CPU.ActiveCfg = Release|Any CPU
		{74FEA9B0-16F6-408E-B474-92D7F053A36A}.Release|Any CPU.Build.0 = Release|Any CPU
	EndGlobalSection
	GlobalSection(SolutionProperties) = preSolution
		HideSolutionNode = FALSE
	EndGlobalSection
	GlobalSection(ExtensibilityGlobals) = postSolution
		SolutionGuid = {CE6852F5-A715-40A1-B799-B9F68DAB6036}
	EndGlobalSection
EndGlobal
